{
  "nodes": {
    "nixpkgs": {
      "locked": {
        "lastModified": 1685932107,
        "narHash": "sha256-5uS2UY4jIgOXEm/9Lp73rD8KPe4HkkrELqN7gdAiqRs=",
        "owner": "NixOS",
        "repo": "nixpkgs",
        "rev": "6546ccde50e36db0edc9feb17188f46ed4ee0d4a",
        "type": "github"
      },
      "original": {
        "owner": "NixOS",
        "ref": "nixos-23.05-small",
        "repo": "nixpkgs",
        "type": "github"
      }
    },
    "ride": {
      "flake": false,
      "locked": {
        "lastModified": 1684338347,
        "narHash": "sha256-j3flZ1sKsYRkJ79yxmR4NKcOSf66bHsCXiupKhUAFcQ=",
        "owner": "Dyalog",
        "repo": "ride",
        "rev": "246649aad81daadfa8ac7e0af7c0206e49b4e337",
        "type": "github"
      },
      "original": {
        "owner": "Dyalog",
        "repo": "ride",
        "type": "github"
      }
    },
    "root": {
      "inputs": {
        "nixpkgs": "nixpkgs",
        "ride": "ride"
      }
    }
  },
  "root": "root",
  "version": 7
}
